
Microsoft Visual Studio Solution File, Format Version 12.00
# Visual Studio 15
VisualStudioVersion = 15.0.28307.1062
MinimumVisualStudioVersion = 10.0.40219.1
Project("{FAE04EC0-301F-11D3-BF4B-00C04F79EFBC}") = "GildedRoseBusinessConsole", "GildedRoseBusinessConsole.csproj", "{176C0214-9136-4079-8DAB-11D7420C3881}"
EndProject
Project("{FAE04EC0-301F-11D3-BF4B-00C04F79EFBC}") = "DAL", "DAL\DAL.csproj", "{9B6EDED6-A203-4057-A080-6B2946C866E0}"
EndProject
Project("{FAE04EC0-301F-11D3-BF4B-00C04F79EFBC}") = "BuisnessLogic", "BuisnessLogic\BuisnessLogic.csproj", "{DA7EA459-D7AB-49EE-B591-74B96536D4B6}"
EndProject
Project("{FAE04EC0-301F-11D3-BF4B-00C04F79EFBC}") = "Test", "Test\Test.csproj", "{6071BA3C-33E2-4885-884D-12519CE1977F}"
EndProject
Project("{FAE04EC0-301F-11D3-BF4B-00C04F79EFBC}") = "Services", "Services\Services.csproj", "{DC50DA0D-EED6-47BD-9133-F879A2F6EED7}"
EndProject
Global
	GlobalSection(SolutionConfigurationPlatforms) = preSolution
		Debug|Any CPU = Debug|Any CPU
		Release|Any CPU = Release|Any CPU
	EndGlobalSection
	GlobalSection(ProjectConfigurationPlatforms) = postSolution
		{176C0214-9136-4079-8DAB-11D7420C3881}.Debug|Any CPU.ActiveCfg = Debug|Any CPU
		{176C0214-9136-4079-8DAB-11D7420C3881}.Debug|Any CPU.Build.0 = Debug|Any CPU
		{176C0214-9136-4079-8DAB-11D7420C3881}.Release|Any CPU.ActiveCfg = Release|Any CPU
		{176C0214-9136-4079-8DAB-11D7420C3881}.Release|Any CPU.Build.0 = Release|Any CPU
		{9B6EDED6-A203-4057-A080-6B2946C866E0}.Debug|Any CPU.ActiveCfg = Debug|Any CPU
		{9B6EDED6-A203-4057-A080-6B2946C866E0}.Debug|Any CPU.Build.0 = Debug|Any CPU
		{9B6EDED6-A203-4057-A080-6B2946C866E0}.Release|Any CPU.ActiveCfg = Release|Any CPU
		{9B6EDED6-A203-4057-A080-6B2946C866E0}.Release|Any CPU.Build.0 = Release|Any CPU
		{DA7EA459-D7AB-49EE-B591-74B96536D4B6}.Debug|Any CPU.ActiveCfg = Debug|Any CPU
		{DA7EA459-D7AB-49EE-B591-74B96536D4B6}.Debug|Any CPU.Build.0 = Debug|Any CPU
		{DA7EA459-D7AB-49EE-B591-74B96536D4B6}.Release|Any CPU.ActiveCfg = Release|Any CPU
		{DA7EA459-D7AB-49EE-B591-74B96536D4B6}.Release|Any CPU.Build.0 = Release|Any CPU
		{6071BA3C-33E2-4885-884D-12519CE1977F}.Debug|Any CPU.ActiveCfg = Debug|Any CPU
		{6071BA3C-33E2-4885-884D-12519CE1977F}.Debug|Any CPU.Build.0 = Debug|Any CPU
		{6071BA3C-33E2-4885-884D-12519CE1977F}.Release|Any CPU.ActiveCfg = Release|Any CPU
		{6071BA3C-33E2-4885-884D-12519CE1977F}.Release|Any CPU.Build.0 = Release|Any CPU
		{DC50DA0D-EED6-47BD-9133-F879A2F6EED7}.Debug|Any CPU.ActiveCfg = Debug|Any CPU
		{DC50DA0D-EED6-47BD-9133-F879A2F6EED7}.Debug|Any CPU.Build.0 = Debug|Any CPU
		{DC50DA0D-EED6-47BD-9133-F879A2F6EED7}.Release|Any CPU.ActiveCfg = Release|Any CPU
		{DC50DA0D-EED6-47BD-9133-F879A2F6EED7}.Release|Any CPU.Build.0 = Release|Any CPU
	EndGlobalSection
	GlobalSection(SolutionProperties) = preSolution
		HideSolutionNode = FALSE
	EndGlobalSection
	GlobalSection(ExtensibilityGlobals) = postSolution
		SolutionGuid = {2808312D-D50D-426A-ABC0-981BB98E1809}
	EndGlobalSection
EndGlobal
